
Microsoft Visual Studio Solution File, Format Version 12.00
# Visual Studio Version 17
VisualStudioVersion = 17.8.34330.188
MinimumVisualStudioVersion = 10.0.40219.1
Project("{9A19103F-16F7-4668-BE54-9A1E7A4F7556}") = "AppLayer", "AppLayer\AppLayer.csproj", "{48ABE217-43E7-4CC1-A37B-7A31DFA1F243}"
EndProject
Project("{9A19103F-16F7-4668-BE54-9A1E7A4F7556}") = "hybridApp", "hybridApp\hybridApp.csproj", "{9F228CF5-684E-4A59-85C3-38FF84B452C8}"
EndProject
Project("{9A19103F-16F7-4668-BE54-9A1E7A4F7556}") = "WinFormsApp1", "WinFormsApp1\WinFormsApp1.csproj", "{72BFD4FD-A0AD-4C9D-B414-826831295665}"
EndProject
Project("{9A19103F-16F7-4668-BE54-9A1E7A4F7556}") = "lexboxClientContracts", "lexboxClientContracts\lexboxClientContracts.csproj", "{41E073EC-BF86-47BE-A699-E0277CDAD702}"
EndProject
Project("{9A19103F-16F7-4668-BE54-9A1E7A4F7556}") = "lexboxContractTests", "lexboxContractTests\lexboxContractTests.csproj", "{D83AD353-895B-46E8-8DE5-4C38F2D7B75A}"
EndProject
Project("{9A19103F-16F7-4668-BE54-9A1E7A4F7556}") = "LexboxRazor", "LexboxRazor\LexboxRazor.csproj", "{E564ACC5-9892-491C-AC74-CB75AEB24581}"
EndProject
Project("{9A19103F-16F7-4668-BE54-9A1E7A4F7556}") = "LexboxBlazorWeb", "LexboxBlazorWeb\LexboxBlazorWeb\LexboxBlazorWeb.csproj", "{9E034ABC-0F02-4EF1-98CA-98EA5C8FD039}"
EndProject
Project("{9A19103F-16F7-4668-BE54-9A1E7A4F7556}") = "LexboxBlazorWeb.Client", "LexboxBlazorWeb\LexboxBlazorWeb.Client\LexboxBlazorWeb.Client.csproj", "{49878D62-238B-403D-8A68-746667332C12}"
EndProject
Project("{9A19103F-16F7-4668-BE54-9A1E7A4F7556}") = "LexboxPhotino", "LexboxPhotino\LexboxPhotino.csproj", "{E951EC5B-FC01-4587-8C85-882F1024CE06}"
EndProject
Project("{2150E333-8FDC-42A3-9474-1A3956D46DE8}") = "CRDT", "CRDT", "{0586D2D9-4B2A-4E09-8236-6B700BB5549B}"
EndProject
Project("{FAE04EC0-301F-11D3-BF4B-00C04F79EFBC}") = "CrdtLib", "crdt\CrdtLib\CrdtLib.csproj", "{43C9FD71-CBFA-4649-84F8-865CC0FE6564}"
EndProject
Project("{FAE04EC0-301F-11D3-BF4B-00C04F79EFBC}") = "CrdtSample", "crdt\CrdtSample\CrdtSample.csproj", "{A1B01300-9FE7-4E97-9A31-E6FF96FB0612}"
EndProject
Project("{FAE04EC0-301F-11D3-BF4B-00C04F79EFBC}") = "LcmCrdtModel", "crdt\LcmCrdtModel\LcmCrdtModel.csproj", "{2BF45851-E8D2-43D4-81CF-69177F12C1CF}"
EndProject
Project("{FAE04EC0-301F-11D3-BF4B-00C04F79EFBC}") = "SampleProgram", "crdt\SampleProgram\SampleProgram.csproj", "{0BCADF7E-4F27-46B7-AF48-C9998F0A396B}"
EndProject
Project("{FAE04EC0-301F-11D3-BF4B-00C04F79EFBC}") = "CrdtTests", "crdt\CrdtTests\CrdtTests.csproj", "{FAF9F01F-6CAB-4C5E-A75D-6C99742B6C8D}"
EndProject
Project("{FAE04EC0-301F-11D3-BF4B-00C04F79EFBC}") = "Ycs", "crdt\Ycs\Ycs.csproj", "{B5B6EE91-0754-4CAD-A375-1A39F5BF521D}"
EndProject
Project("{FAE04EC0-301F-11D3-BF4B-00C04F79EFBC}") = "Lexbox.ClientServer", "Lexbox.ClientServer\Lexbox.ClientServer.csproj", "{6F508879-49E9-472F-A609-B47B339F93B0}"
EndProject
Project("{2150E333-8FDC-42A3-9474-1A3956D46DE8}") = "LexboxSync", "LexboxSync", "{833BC99D-5AB0-4036-887C-C871C6FE443A}"
EndProject
Project("{FAE04EC0-301F-11D3-BF4B-00C04F79EFBC}") = "SyncLib", "LexboxSync\SyncLib\SyncLib.csproj", "{87ACA17B-ADB7-428B-A4DC-6730150CBB98}"
EndProject
Project("{FAE04EC0-301F-11D3-BF4B-00C04F79EFBC}") = "SyncLibTests", "LexboxSync\SyncLibTests\SyncLibTests.csproj", "{F76B98DE-3FF6-48BA-B864-3B93E714FD67}"
EndProject
Global
	GlobalSection(SolutionConfigurationPlatforms) = preSolution
		Debug|Any CPU = Debug|Any CPU
		Release|Any CPU = Release|Any CPU
	EndGlobalSection
	GlobalSection(ProjectConfigurationPlatforms) = postSolution
		{48ABE217-43E7-4CC1-A37B-7A31DFA1F243}.Debug|Any CPU.ActiveCfg = Debug|Any CPU
		{48ABE217-43E7-4CC1-A37B-7A31DFA1F243}.Debug|Any CPU.Build.0 = Debug|Any CPU
		{48ABE217-43E7-4CC1-A37B-7A31DFA1F243}.Release|Any CPU.ActiveCfg = Release|Any CPU
		{48ABE217-43E7-4CC1-A37B-7A31DFA1F243}.Release|Any CPU.Build.0 = Release|Any CPU
		{9F228CF5-684E-4A59-85C3-38FF84B452C8}.Debug|Any CPU.ActiveCfg = Debug|Any CPU
		{9F228CF5-684E-4A59-85C3-38FF84B452C8}.Debug|Any CPU.Build.0 = Debug|Any CPU
		{9F228CF5-684E-4A59-85C3-38FF84B452C8}.Debug|Any CPU.Deploy.0 = Debug|Any CPU
		{9F228CF5-684E-4A59-85C3-38FF84B452C8}.Release|Any CPU.ActiveCfg = Release|Any CPU
		{9F228CF5-684E-4A59-85C3-38FF84B452C8}.Release|Any CPU.Build.0 = Release|Any CPU
		{72BFD4FD-A0AD-4C9D-B414-826831295665}.Debug|Any CPU.ActiveCfg = Debug|Any CPU
		{72BFD4FD-A0AD-4C9D-B414-826831295665}.Debug|Any CPU.Build.0 = Debug|Any CPU
		{72BFD4FD-A0AD-4C9D-B414-826831295665}.Release|Any CPU.ActiveCfg = Release|Any CPU
		{72BFD4FD-A0AD-4C9D-B414-826831295665}.Release|Any CPU.Build.0 = Release|Any CPU
		{41E073EC-BF86-47BE-A699-E0277CDAD702}.Debug|Any CPU.ActiveCfg = Debug|Any CPU
		{41E073EC-BF86-47BE-A699-E0277CDAD702}.Debug|Any CPU.Build.0 = Debug|Any CPU
		{41E073EC-BF86-47BE-A699-E0277CDAD702}.Release|Any CPU.ActiveCfg = Release|Any CPU
		{41E073EC-BF86-47BE-A699-E0277CDAD702}.Release|Any CPU.Build.0 = Release|Any CPU
		{D83AD353-895B-46E8-8DE5-4C38F2D7B75A}.Debug|Any CPU.ActiveCfg = Debug|Any CPU
		{D83AD353-895B-46E8-8DE5-4C38F2D7B75A}.Debug|Any CPU.Build.0 = Debug|Any CPU
		{D83AD353-895B-46E8-8DE5-4C38F2D7B75A}.Release|Any CPU.ActiveCfg = Release|Any CPU
		{D83AD353-895B-46E8-8DE5-4C38F2D7B75A}.Release|Any CPU.Build.0 = Release|Any CPU
		{E564ACC5-9892-491C-AC74-CB75AEB24581}.Debug|Any CPU.ActiveCfg = Debug|Any CPU
		{E564ACC5-9892-491C-AC74-CB75AEB24581}.Debug|Any CPU.Build.0 = Debug|Any CPU
		{E564ACC5-9892-491C-AC74-CB75AEB24581}.Release|Any CPU.ActiveCfg = Release|Any CPU
		{E564ACC5-9892-491C-AC74-CB75AEB24581}.Release|Any CPU.Build.0 = Release|Any CPU
		{9E034ABC-0F02-4EF1-98CA-98EA5C8FD039}.Debug|Any CPU.ActiveCfg = Debug|Any CPU
		{9E034ABC-0F02-4EF1-98CA-98EA5C8FD039}.Debug|Any CPU.Build.0 = Debug|Any CPU
		{9E034ABC-0F02-4EF1-98CA-98EA5C8FD039}.Release|Any CPU.ActiveCfg = Release|Any CPU
		{9E034ABC-0F02-4EF1-98CA-98EA5C8FD039}.Release|Any CPU.Build.0 = Release|Any CPU
		{49878D62-238B-403D-8A68-746667332C12}.Debug|Any CPU.ActiveCfg = Debug|Any CPU
		{49878D62-238B-403D-8A68-746667332C12}.Debug|Any CPU.Build.0 = Debug|Any CPU
		{49878D62-238B-403D-8A68-746667332C12}.Release|Any CPU.ActiveCfg = Release|Any CPU
		{49878D62-238B-403D-8A68-746667332C12}.Release|Any CPU.Build.0 = Release|Any CPU
		{E951EC5B-FC01-4587-8C85-882F1024CE06}.Debug|Any CPU.ActiveCfg = Debug|Any CPU
		{E951EC5B-FC01-4587-8C85-882F1024CE06}.Debug|Any CPU.Build.0 = Debug|Any CPU
		{E951EC5B-FC01-4587-8C85-882F1024CE06}.Release|Any CPU.ActiveCfg = Release|Any CPU
		{E951EC5B-FC01-4587-8C85-882F1024CE06}.Release|Any CPU.Build.0 = Release|Any CPU
		{43C9FD71-CBFA-4649-84F8-865CC0FE6564}.Debug|Any CPU.ActiveCfg = Debug|Any CPU
		{43C9FD71-CBFA-4649-84F8-865CC0FE6564}.Debug|Any CPU.Build.0 = Debug|Any CPU
		{43C9FD71-CBFA-4649-84F8-865CC0FE6564}.Release|Any CPU.ActiveCfg = Release|Any CPU
		{43C9FD71-CBFA-4649-84F8-865CC0FE6564}.Release|Any CPU.Build.0 = Release|Any CPU
		{A1B01300-9FE7-4E97-9A31-E6FF96FB0612}.Debug|Any CPU.ActiveCfg = Debug|Any CPU
		{A1B01300-9FE7-4E97-9A31-E6FF96FB0612}.Debug|Any CPU.Build.0 = Debug|Any CPU
		{A1B01300-9FE7-4E97-9A31-E6FF96FB0612}.Release|Any CPU.ActiveCfg = Release|Any CPU
		{A1B01300-9FE7-4E97-9A31-E6FF96FB0612}.Release|Any CPU.Build.0 = Release|Any CPU
		{2BF45851-E8D2-43D4-81CF-69177F12C1CF}.Debug|Any CPU.ActiveCfg = Debug|Any CPU
		{2BF45851-E8D2-43D4-81CF-69177F12C1CF}.Debug|Any CPU.Build.0 = Debug|Any CPU
		{2BF45851-E8D2-43D4-81CF-69177F12C1CF}.Release|Any CPU.ActiveCfg = Release|Any CPU
		{2BF45851-E8D2-43D4-81CF-69177F12C1CF}.Release|Any CPU.Build.0 = Release|Any CPU
		{0BCADF7E-4F27-46B7-AF48-C9998F0A396B}.Debug|Any CPU.ActiveCfg = Debug|Any CPU
		{0BCADF7E-4F27-46B7-AF48-C9998F0A396B}.Debug|Any CPU.Build.0 = Debug|Any CPU
		{0BCADF7E-4F27-46B7-AF48-C9998F0A396B}.Release|Any CPU.ActiveCfg = Release|Any CPU
		{0BCADF7E-4F27-46B7-AF48-C9998F0A396B}.Release|Any CPU.Build.0 = Release|Any CPU
		{FAF9F01F-6CAB-4C5E-A75D-6C99742B6C8D}.Debug|Any CPU.ActiveCfg = Debug|Any CPU
		{FAF9F01F-6CAB-4C5E-A75D-6C99742B6C8D}.Debug|Any CPU.Build.0 = Debug|Any CPU
		{FAF9F01F-6CAB-4C5E-A75D-6C99742B6C8D}.Release|Any CPU.ActiveCfg = Release|Any CPU
		{FAF9F01F-6CAB-4C5E-A75D-6C99742B6C8D}.Release|Any CPU.Build.0 = Release|Any CPU
		{B5B6EE91-0754-4CAD-A375-1A39F5BF521D}.Debug|Any CPU.ActiveCfg = Debug|Any CPU
		{B5B6EE91-0754-4CAD-A375-1A39F5BF521D}.Debug|Any CPU.Build.0 = Debug|Any CPU
		{B5B6EE91-0754-4CAD-A375-1A39F5BF521D}.Release|Any CPU.ActiveCfg = Release|Any CPU
		{B5B6EE91-0754-4CAD-A375-1A39F5BF521D}.Release|Any CPU.Build.0 = Release|Any CPU
		{6F508879-49E9-472F-A609-B47B339F93B0}.Debug|Any CPU.ActiveCfg = Debug|Any CPU
		{6F508879-49E9-472F-A609-B47B339F93B0}.Debug|Any CPU.Build.0 = Debug|Any CPU
		{6F508879-49E9-472F-A609-B47B339F93B0}.Release|Any CPU.ActiveCfg = Release|Any CPU
		{6F508879-49E9-472F-A609-B47B339F93B0}.Release|Any CPU.Build.0 = Release|Any CPU
		{87ACA17B-ADB7-428B-A4DC-6730150CBB98}.Debug|Any CPU.ActiveCfg = Debug|Any CPU
		{87ACA17B-ADB7-428B-A4DC-6730150CBB98}.Debug|Any CPU.Build.0 = Debug|Any CPU
		{87ACA17B-ADB7-428B-A4DC-6730150CBB98}.Release|Any CPU.ActiveCfg = Release|Any CPU
		{87ACA17B-ADB7-428B-A4DC-6730150CBB98}.Release|Any CPU.Build.0 = Release|Any CPU
		{F76B98DE-3FF6-48BA-B864-3B93E714FD67}.Debug|Any CPU.ActiveCfg = Debug|x86
		{F76B98DE-3FF6-48BA-B864-3B93E714FD67}.Debug|Any CPU.Build.0 = Debug|x86
		{F76B98DE-3FF6-48BA-B864-3B93E714FD67}.Release|Any CPU.ActiveCfg = Release|x86
		{F76B98DE-3FF6-48BA-B864-3B93E714FD67}.Release|Any CPU.Build.0 = Release|x86
	EndGlobalSection
	GlobalSection(SolutionProperties) = preSolution
		HideSolutionNode = FALSE
	EndGlobalSection
	GlobalSection(NestedProjects) = preSolution
		{43C9FD71-CBFA-4649-84F8-865CC0FE6564} = {0586D2D9-4B2A-4E09-8236-6B700BB5549B}
		{A1B01300-9FE7-4E97-9A31-E6FF96FB0612} = {0586D2D9-4B2A-4E09-8236-6B700BB5549B}
		{2BF45851-E8D2-43D4-81CF-69177F12C1CF} = {0586D2D9-4B2A-4E09-8236-6B700BB5549B}
		{0BCADF7E-4F27-46B7-AF48-C9998F0A396B} = {0586D2D9-4B2A-4E09-8236-6B700BB5549B}
		{FAF9F01F-6CAB-4C5E-A75D-6C99742B6C8D} = {0586D2D9-4B2A-4E09-8236-6B700BB5549B}
		{B5B6EE91-0754-4CAD-A375-1A39F5BF521D} = {0586D2D9-4B2A-4E09-8236-6B700BB5549B}
		{87ACA17B-ADB7-428B-A4DC-6730150CBB98} = {833BC99D-5AB0-4036-887C-C871C6FE443A}
		{F76B98DE-3FF6-48BA-B864-3B93E714FD67} = {833BC99D-5AB0-4036-887C-C871C6FE443A}
	EndGlobalSection
	GlobalSection(ExtensibilityGlobals) = postSolution
		SolutionGuid = {6DE1FF11-3D5C-4825-BF0F-A43BDD3DA6FE}
	EndGlobalSection
EndGlobal
