
Microsoft Visual Studio Solution File, Format Version 12.00
# Visual Studio Version 17
VisualStudioVersion = 17.8.34330.188
MinimumVisualStudioVersion = 10.0.40219.1
Project("{9A19103F-16F7-4668-BE54-9A1E7A4F7556}") = "lexboxClientPoc", "lexboxClientPoc\lexboxClientPoc.csproj", "{A0389D2B-E0DA-40AB-8D8F-B808C4AA14C5}"
EndProject
Project("{9A19103F-16F7-4668-BE54-9A1E7A4F7556}") = "AppLayer", "AppLayer\AppLayer.csproj", "{48ABE217-43E7-4CC1-A37B-7A31DFA1F243}"
EndProject
Project("{9A19103F-16F7-4668-BE54-9A1E7A4F7556}") = "hybridApp", "hybridApp\hybridApp.csproj", "{9F228CF5-684E-4A59-85C3-38FF84B452C8}"
EndProject
Project("{FAE04EC0-301F-11D3-BF4B-00C04F79EFBC}") = "WinFormsApp1", "WinFormsApp1\WinFormsApp1.csproj", "{72BFD4FD-A0AD-4C9D-B414-826831295665}"
EndProject
Project("{FAE04EC0-301F-11D3-BF4B-00C04F79EFBC}") = "AvaloniaApplication1", "AvaloniaApplication1\AvaloniaApplication1\AvaloniaApplication1.csproj", "{264EEC1B-AD6E-46CF-BC9A-30A668D36665}"
EndProject
Project("{FAE04EC0-301F-11D3-BF4B-00C04F79EFBC}") = "AvaloniaApplication1.Android", "AvaloniaApplication1\AvaloniaApplication1.Android\AvaloniaApplication1.Android.csproj", "{1E1A42BD-176B-483E-B0DB-A94F7383217E}"
EndProject
Project("{FAE04EC0-301F-11D3-BF4B-00C04F79EFBC}") = "AvaloniaApplication1.Desktop", "AvaloniaApplication1\AvaloniaApplication1.Desktop\AvaloniaApplication1.Desktop.csproj", "{ADA591A8-E217-4818-9C16-633F9876C926}"
EndProject
Project("{FAE04EC0-301F-11D3-BF4B-00C04F79EFBC}") = "AvaloniaApplication1.iOS", "AvaloniaApplication1\AvaloniaApplication1.iOS\AvaloniaApplication1.iOS.csproj", "{B58DEAEC-0911-47B7-BA03-AFFF608D5DBF}"
EndProject
Project("{FAE04EC0-301F-11D3-BF4B-00C04F79EFBC}") = "AvaloniaApplication1.Browser", "AvaloniaApplication1\AvaloniaApplication1.Browser\AvaloniaApplication1.Browser.csproj", "{8DF0B578-33C6-4DC9-ADC3-D800518971BA}"
EndProject
Project("{9A19103F-16F7-4668-BE54-9A1E7A4F7556}") = "UnoApp1.Windows", "UnoApp1\UnoApp1.Windows\UnoApp1.Windows.csproj", "{E5B67E3F-2BCE-4E0B-86F9-0E204A2F61FA}"
EndProject
Project("{2150E333-8FDC-42A3-9474-1A3956D46DE8}") = "UnoApp", "UnoApp", "{DD4BAB5F-8CFB-4D3F-A552-D8967A92E29C}"
EndProject
Project("{FAE04EC0-301F-11D3-BF4B-00C04F79EFBC}") = "UnoApp1.Shared", "UnoApp1\UnoApp1.Shared\UnoApp1.Shared.csproj", "{CA3DCF7C-9420-4794-97AA-9BE55CCC666C}"
EndProject
Project("{FAE04EC0-301F-11D3-BF4B-00C04F79EFBC}") = "UnoApp1", "UnoApp1\UnoApp1\UnoApp1.csproj", "{503E6B3B-80A5-4C5D-B9ED-2BC024F6764C}"
EndProject
Project("{FAE04EC0-301F-11D3-BF4B-00C04F79EFBC}") = "UnoApp1.Mobile", "UnoApp1\UnoApp1.Mobile\UnoApp1.Mobile.csproj", "{6680E57B-D529-4DD8-AE3C-B4E163E52040}"
EndProject
Project("{FAE04EC0-301F-11D3-BF4B-00C04F79EFBC}") = "UnoApp1.Skia.Gtk", "UnoApp1\UnoApp1.Skia.Gtk\UnoApp1.Skia.Gtk.csproj", "{41346E49-39BB-43C3-A022-3BF2C576F70F}"
EndProject
Project("{FAE04EC0-301F-11D3-BF4B-00C04F79EFBC}") = "UnoApp1.Wasm", "UnoApp1\UnoApp1.Wasm\UnoApp1.Wasm.csproj", "{69D73E61-72C8-4BDA-9A62-87C525D3DE7A}"
EndProject
Project("{FAE04EC0-301F-11D3-BF4B-00C04F79EFBC}") = "lexboxClientContracts", "lexboxClientContracts\lexboxClientContracts.csproj", "{41E073EC-BF86-47BE-A699-E0277CDAD702}"
EndProject
Project("{2150E333-8FDC-42A3-9474-1A3956D46DE8}") = "Avalonia", "Avalonia", "{7A009BB3-37ED-4B03-9920-54CFA7201DD1}"
EndProject
Project("{FAE04EC0-301F-11D3-BF4B-00C04F79EFBC}") = "lexboxContractTests", "lexboxContractTests\lexboxContractTests.csproj", "{D83AD353-895B-46E8-8DE5-4C38F2D7B75A}"
EndProject
Global
	GlobalSection(SolutionConfigurationPlatforms) = preSolution
		Debug|Any CPU = Debug|Any CPU
		Release|Any CPU = Release|Any CPU
	EndGlobalSection
	GlobalSection(ProjectConfigurationPlatforms) = postSolution
		{A0389D2B-E0DA-40AB-8D8F-B808C4AA14C5}.Debug|Any CPU.ActiveCfg = Debug|Any CPU
		{A0389D2B-E0DA-40AB-8D8F-B808C4AA14C5}.Debug|Any CPU.Build.0 = Debug|Any CPU
		{A0389D2B-E0DA-40AB-8D8F-B808C4AA14C5}.Release|Any CPU.ActiveCfg = Release|Any CPU
		{A0389D2B-E0DA-40AB-8D8F-B808C4AA14C5}.Release|Any CPU.Build.0 = Release|Any CPU
		{48ABE217-43E7-4CC1-A37B-7A31DFA1F243}.Debug|Any CPU.ActiveCfg = Debug|Any CPU
		{48ABE217-43E7-4CC1-A37B-7A31DFA1F243}.Debug|Any CPU.Build.0 = Debug|Any CPU
		{48ABE217-43E7-4CC1-A37B-7A31DFA1F243}.Release|Any CPU.ActiveCfg = Release|Any CPU
		{48ABE217-43E7-4CC1-A37B-7A31DFA1F243}.Release|Any CPU.Build.0 = Release|Any CPU
		{9F228CF5-684E-4A59-85C3-38FF84B452C8}.Debug|Any CPU.ActiveCfg = Debug|Any CPU
		{9F228CF5-684E-4A59-85C3-38FF84B452C8}.Debug|Any CPU.Build.0 = Debug|Any CPU
		{9F228CF5-684E-4A59-85C3-38FF84B452C8}.Debug|Any CPU.Deploy.0 = Debug|Any CPU
		{9F228CF5-684E-4A59-85C3-38FF84B452C8}.Release|Any CPU.ActiveCfg = Release|Any CPU
		{9F228CF5-684E-4A59-85C3-38FF84B452C8}.Release|Any CPU.Build.0 = Release|Any CPU
		{72BFD4FD-A0AD-4C9D-B414-826831295665}.Debug|Any CPU.ActiveCfg = Debug|Any CPU
		{72BFD4FD-A0AD-4C9D-B414-826831295665}.Debug|Any CPU.Build.0 = Debug|Any CPU
		{72BFD4FD-A0AD-4C9D-B414-826831295665}.Release|Any CPU.ActiveCfg = Release|Any CPU
		{72BFD4FD-A0AD-4C9D-B414-826831295665}.Release|Any CPU.Build.0 = Release|Any CPU
		{264EEC1B-AD6E-46CF-BC9A-30A668D36665}.Debug|Any CPU.ActiveCfg = Debug|Any CPU
		{264EEC1B-AD6E-46CF-BC9A-30A668D36665}.Debug|Any CPU.Build.0 = Debug|Any CPU
		{264EEC1B-AD6E-46CF-BC9A-30A668D36665}.Release|Any CPU.ActiveCfg = Release|Any CPU
		{264EEC1B-AD6E-46CF-BC9A-30A668D36665}.Release|Any CPU.Build.0 = Release|Any CPU
		{1E1A42BD-176B-483E-B0DB-A94F7383217E}.Debug|Any CPU.ActiveCfg = Debug|Any CPU
		{1E1A42BD-176B-483E-B0DB-A94F7383217E}.Debug|Any CPU.Build.0 = Debug|Any CPU
		{1E1A42BD-176B-483E-B0DB-A94F7383217E}.Release|Any CPU.ActiveCfg = Release|Any CPU
		{1E1A42BD-176B-483E-B0DB-A94F7383217E}.Release|Any CPU.Build.0 = Release|Any CPU
		{ADA591A8-E217-4818-9C16-633F9876C926}.Debug|Any CPU.ActiveCfg = Debug|Any CPU
		{ADA591A8-E217-4818-9C16-633F9876C926}.Debug|Any CPU.Build.0 = Debug|Any CPU
		{ADA591A8-E217-4818-9C16-633F9876C926}.Release|Any CPU.ActiveCfg = Release|Any CPU
		{ADA591A8-E217-4818-9C16-633F9876C926}.Release|Any CPU.Build.0 = Release|Any CPU
		{B58DEAEC-0911-47B7-BA03-AFFF608D5DBF}.Debug|Any CPU.ActiveCfg = Debug|Any CPU
		{B58DEAEC-0911-47B7-BA03-AFFF608D5DBF}.Debug|Any CPU.Build.0 = Debug|Any CPU
		{B58DEAEC-0911-47B7-BA03-AFFF608D5DBF}.Release|Any CPU.ActiveCfg = Release|Any CPU
		{B58DEAEC-0911-47B7-BA03-AFFF608D5DBF}.Release|Any CPU.Build.0 = Release|Any CPU
		{8DF0B578-33C6-4DC9-ADC3-D800518971BA}.Debug|Any CPU.ActiveCfg = Debug|Any CPU
		{8DF0B578-33C6-4DC9-ADC3-D800518971BA}.Debug|Any CPU.Build.0 = Debug|Any CPU
		{8DF0B578-33C6-4DC9-ADC3-D800518971BA}.Release|Any CPU.ActiveCfg = Release|Any CPU
		{8DF0B578-33C6-4DC9-ADC3-D800518971BA}.Release|Any CPU.Build.0 = Release|Any CPU
		{E5B67E3F-2BCE-4E0B-86F9-0E204A2F61FA}.Debug|Any CPU.ActiveCfg = Debug|x86
		{E5B67E3F-2BCE-4E0B-86F9-0E204A2F61FA}.Debug|Any CPU.Build.0 = Debug|x86
		{E5B67E3F-2BCE-4E0B-86F9-0E204A2F61FA}.Release|Any CPU.ActiveCfg = Release|x86
		{E5B67E3F-2BCE-4E0B-86F9-0E204A2F61FA}.Release|Any CPU.Build.0 = Release|x86
		{CA3DCF7C-9420-4794-97AA-9BE55CCC666C}.Debug|Any CPU.ActiveCfg = Debug|Any CPU
		{CA3DCF7C-9420-4794-97AA-9BE55CCC666C}.Debug|Any CPU.Build.0 = Debug|Any CPU
		{CA3DCF7C-9420-4794-97AA-9BE55CCC666C}.Release|Any CPU.ActiveCfg = Release|Any CPU
		{CA3DCF7C-9420-4794-97AA-9BE55CCC666C}.Release|Any CPU.Build.0 = Release|Any CPU
		{503E6B3B-80A5-4C5D-B9ED-2BC024F6764C}.Debug|Any CPU.ActiveCfg = Debug|Any CPU
		{503E6B3B-80A5-4C5D-B9ED-2BC024F6764C}.Debug|Any CPU.Build.0 = Debug|Any CPU
		{503E6B3B-80A5-4C5D-B9ED-2BC024F6764C}.Release|Any CPU.ActiveCfg = Release|Any CPU
		{503E6B3B-80A5-4C5D-B9ED-2BC024F6764C}.Release|Any CPU.Build.0 = Release|Any CPU
		{6680E57B-D529-4DD8-AE3C-B4E163E52040}.Debug|Any CPU.ActiveCfg = Debug|Any CPU
		{6680E57B-D529-4DD8-AE3C-B4E163E52040}.Debug|Any CPU.Build.0 = Debug|Any CPU
		{6680E57B-D529-4DD8-AE3C-B4E163E52040}.Release|Any CPU.ActiveCfg = Release|Any CPU
		{6680E57B-D529-4DD8-AE3C-B4E163E52040}.Release|Any CPU.Build.0 = Release|Any CPU
		{41346E49-39BB-43C3-A022-3BF2C576F70F}.Debug|Any CPU.ActiveCfg = Debug|Any CPU
		{41346E49-39BB-43C3-A022-3BF2C576F70F}.Debug|Any CPU.Build.0 = Debug|Any CPU
		{41346E49-39BB-43C3-A022-3BF2C576F70F}.Release|Any CPU.ActiveCfg = Release|Any CPU
		{41346E49-39BB-43C3-A022-3BF2C576F70F}.Release|Any CPU.Build.0 = Release|Any CPU
		{69D73E61-72C8-4BDA-9A62-87C525D3DE7A}.Debug|Any CPU.ActiveCfg = Debug|Any CPU
		{69D73E61-72C8-4BDA-9A62-87C525D3DE7A}.Debug|Any CPU.Build.0 = Debug|Any CPU
		{69D73E61-72C8-4BDA-9A62-87C525D3DE7A}.Release|Any CPU.ActiveCfg = Release|Any CPU
		{69D73E61-72C8-4BDA-9A62-87C525D3DE7A}.Release|Any CPU.Build.0 = Release|Any CPU
		{41E073EC-BF86-47BE-A699-E0277CDAD702}.Debug|Any CPU.ActiveCfg = Debug|Any CPU
		{41E073EC-BF86-47BE-A699-E0277CDAD702}.Debug|Any CPU.Build.0 = Debug|Any CPU
		{41E073EC-BF86-47BE-A699-E0277CDAD702}.Release|Any CPU.ActiveCfg = Release|Any CPU
		{41E073EC-BF86-47BE-A699-E0277CDAD702}.Release|Any CPU.Build.0 = Release|Any CPU
		{D83AD353-895B-46E8-8DE5-4C38F2D7B75A}.Debug|Any CPU.ActiveCfg = Debug|Any CPU
		{D83AD353-895B-46E8-8DE5-4C38F2D7B75A}.Debug|Any CPU.Build.0 = Debug|Any CPU
		{D83AD353-895B-46E8-8DE5-4C38F2D7B75A}.Release|Any CPU.ActiveCfg = Release|Any CPU
		{D83AD353-895B-46E8-8DE5-4C38F2D7B75A}.Release|Any CPU.Build.0 = Release|Any CPU
	EndGlobalSection
	GlobalSection(SolutionProperties) = preSolution
		HideSolutionNode = FALSE
	EndGlobalSection
	GlobalSection(ExtensibilityGlobals) = postSolution
		SolutionGuid = {6DE1FF11-3D5C-4825-BF0F-A43BDD3DA6FE}
	EndGlobalSection
	GlobalSection(NestedProjects) = preSolution
		{E5B67E3F-2BCE-4E0B-86F9-0E204A2F61FA} = {DD4BAB5F-8CFB-4D3F-A552-D8967A92E29C}
		{CA3DCF7C-9420-4794-97AA-9BE55CCC666C} = {DD4BAB5F-8CFB-4D3F-A552-D8967A92E29C}
		{503E6B3B-80A5-4C5D-B9ED-2BC024F6764C} = {DD4BAB5F-8CFB-4D3F-A552-D8967A92E29C}
		{6680E57B-D529-4DD8-AE3C-B4E163E52040} = {DD4BAB5F-8CFB-4D3F-A552-D8967A92E29C}
		{41346E49-39BB-43C3-A022-3BF2C576F70F} = {DD4BAB5F-8CFB-4D3F-A552-D8967A92E29C}
		{69D73E61-72C8-4BDA-9A62-87C525D3DE7A} = {DD4BAB5F-8CFB-4D3F-A552-D8967A92E29C}
		{264EEC1B-AD6E-46CF-BC9A-30A668D36665} = {7A009BB3-37ED-4B03-9920-54CFA7201DD1}
		{1E1A42BD-176B-483E-B0DB-A94F7383217E} = {7A009BB3-37ED-4B03-9920-54CFA7201DD1}
		{8DF0B578-33C6-4DC9-ADC3-D800518971BA} = {7A009BB3-37ED-4B03-9920-54CFA7201DD1}
		{ADA591A8-E217-4818-9C16-633F9876C926} = {7A009BB3-37ED-4B03-9920-54CFA7201DD1}
		{B58DEAEC-0911-47B7-BA03-AFFF608D5DBF} = {7A009BB3-37ED-4B03-9920-54CFA7201DD1}
	EndGlobalSection
EndGlobal
